
Microsoft Visual Studio Solution File, Format Version 12.00
# Visual Studio 15
VisualStudioVersion = 15.0.27703.2000
MinimumVisualStudioVersion = 10.0.40219.1
Project("{FAE04EC0-301F-11D3-BF4B-00C04F79EFBC}") = "TEArts.Framework", "TEArts.Framework\TEArts.Framework.csproj", "{404F382F-9D2F-4E63-B9B9-EDF6387F3AC5}"
EndProject
Project("{FAE04EC0-301F-11D3-BF4B-00C04F79EFBC}") = "TEArts.Framework.Extends", "TEArts.Framework.Extends\TEArts.Framework.Extends.csproj", "{68048E5A-F13F-4762-94BF-1347D8A38EA2}"
EndProject
Project("{FAE04EC0-301F-11D3-BF4B-00C04F79EFBC}") = "TEArts.Framework.Logging", "TEArts.Framework.Logging\TEArts.Framework.Logging.csproj", "{486716B9-4167-43A0-AD33-D0B635FF37A4}"
EndProject
Project("{FAE04EC0-301F-11D3-BF4B-00C04F79EFBC}") = "TEArts.Framework.Config", "TEArts.Framework.Config\TEArts.Framework.Config.csproj", "{E3C97C1E-0754-407E-B60A-73BEF4C779C3}"
EndProject
Project("{FAE04EC0-301F-11D3-BF4B-00C04F79EFBC}") = "TEArts.Framework.Network", "TEArts.Framework.Network\TEArts.Framework.Network.csproj", "{5E2FAC18-E9F1-4531-9A31-4F5104B0971E}"
EndProject
Project("{FAE04EC0-301F-11D3-BF4B-00C04F79EFBC}") = "TEArts.Framework.Collections", "TEArts.Framework.Collections\TEArts.Framework.Collections.csproj", "{001F9A71-973C-454A-BC08-0D0B8DBAF722}"
EndProject
Global
	GlobalSection(SolutionConfigurationPlatforms) = preSolution
		Debug|Any CPU = Debug|Any CPU
		Release|Any CPU = Release|Any CPU
	EndGlobalSection
	GlobalSection(ProjectConfigurationPlatforms) = postSolution
		{404F382F-9D2F-4E63-B9B9-EDF6387F3AC5}.Debug|Any CPU.ActiveCfg = Debug|Any CPU
		{404F382F-9D2F-4E63-B9B9-EDF6387F3AC5}.Debug|Any CPU.Build.0 = Debug|Any CPU
		{404F382F-9D2F-4E63-B9B9-EDF6387F3AC5}.Release|Any CPU.ActiveCfg = Release|Any CPU
		{404F382F-9D2F-4E63-B9B9-EDF6387F3AC5}.Release|Any CPU.Build.0 = Release|Any CPU
		{68048E5A-F13F-4762-94BF-1347D8A38EA2}.Debug|Any CPU.ActiveCfg = Debug|Any CPU
		{68048E5A-F13F-4762-94BF-1347D8A38EA2}.Debug|Any CPU.Build.0 = Debug|Any CPU
		{68048E5A-F13F-4762-94BF-1347D8A38EA2}.Release|Any CPU.ActiveCfg = Release|Any CPU
		{68048E5A-F13F-4762-94BF-1347D8A38EA2}.Release|Any CPU.Build.0 = Release|Any CPU
		{486716B9-4167-43A0-AD33-D0B635FF37A4}.Debug|Any CPU.ActiveCfg = Debug|Any CPU
		{486716B9-4167-43A0-AD33-D0B635FF37A4}.Debug|Any CPU.Build.0 = Debug|Any CPU
		{486716B9-4167-43A0-AD33-D0B635FF37A4}.Release|Any CPU.ActiveCfg = Release|Any CPU
		{486716B9-4167-43A0-AD33-D0B635FF37A4}.Release|Any CPU.Build.0 = Release|Any CPU
		{E3C97C1E-0754-407E-B60A-73BEF4C779C3}.Debug|Any CPU.ActiveCfg = Debug|Any CPU
		{E3C97C1E-0754-407E-B60A-73BEF4C779C3}.Debug|Any CPU.Build.0 = Debug|Any CPU
		{E3C97C1E-0754-407E-B60A-73BEF4C779C3}.Release|Any CPU.ActiveCfg = Release|Any CPU
		{E3C97C1E-0754-407E-B60A-73BEF4C779C3}.Release|Any CPU.Build.0 = Release|Any CPU
		{5E2FAC18-E9F1-4531-9A31-4F5104B0971E}.Debug|Any CPU.ActiveCfg = Debug|Any CPU
		{5E2FAC18-E9F1-4531-9A31-4F5104B0971E}.Debug|Any CPU.Build.0 = Debug|Any CPU
		{5E2FAC18-E9F1-4531-9A31-4F5104B0971E}.Release|Any CPU.ActiveCfg = Release|Any CPU
		{5E2FAC18-E9F1-4531-9A31-4F5104B0971E}.Release|Any CPU.Build.0 = Release|Any CPU
		{001F9A71-973C-454A-BC08-0D0B8DBAF722}.Debug|Any CPU.ActiveCfg = Debug|Any CPU
		{001F9A71-973C-454A-BC08-0D0B8DBAF722}.Debug|Any CPU.Build.0 = Debug|Any CPU
		{001F9A71-973C-454A-BC08-0D0B8DBAF722}.Release|Any CPU.ActiveCfg = Release|Any CPU
		{001F9A71-973C-454A-BC08-0D0B8DBAF722}.Release|Any CPU.Build.0 = Release|Any CPU
	EndGlobalSection
	GlobalSection(SolutionProperties) = preSolution
		HideSolutionNode = FALSE
	EndGlobalSection
	GlobalSection(ExtensibilityGlobals) = postSolution
		SolutionGuid = {D341CE1F-81C0-4092-9FAD-D7AD8EBDEC62}
	EndGlobalSection
EndGlobal
